// !$*UTF8*$!
{
	archiveVersion = 1;
	classes = {
	};
	objectVersion = 56;
	objects = {

/* Begin PBXBuildFile section */
		FA1425FA2B6FF0FB00B2C622 /* ExerciseEvent.swift in Sources */ = {isa = PBXBuildFile; fileRef = FA1425F52B6FF0FB00B2C622 /* ExerciseEvent.swift */; };
		FA1425FC2B6FF0FB00B2C622 /* Rating.swift in Sources */ = {isa = PBXBuildFile; fileRef = FA1425F62B6FF0FB00B2C622 /* Rating.swift */; };
		FA1425FD2B6FF0FB00B2C622 /* DiaryEvent.swift in Sources */ = {isa = PBXBuildFile; fileRef = FA1425F42B6FF0FB00B2C622 /* DiaryEvent.swift */; };
		FA1425FE2B6FF0FB00B2C622 /* Symptom.swift in Sources */ = {isa = PBXBuildFile; fileRef = FA1425F82B6FF0FB00B2C622 /* Symptom.swift */; };
		FA1426002B6FF0FB00B2C622 /* InternalError.swift in Sources */ = {isa = PBXBuildFile; fileRef = FA1425F72B6FF0FB00B2C622 /* InternalError.swift */; };
		FA27CB1B2B7D09A400D2FB7B /* AlogeaBackupDocument.swift in Sources */ = {isa = PBXBuildFile; fileRef = FA27CB1A2B7D09A400D2FB7B /* AlogeaBackupDocument.swift */; };
		FA27CB3C2B7D5F0900D2FB7B /* AlogeaFileImportView.swift in Sources */ = {isa = PBXBuildFile; fileRef = FA27CB3B2B7D5F0900D2FB7B /* AlogeaFileImportView.swift */; };
		FA27CB3E2B7E374300D2FB7B /* Alogea_Event.swift in Sources */ = {isa = PBXBuildFile; fileRef = FA27CB3D2B7E374300D2FB7B /* Alogea_Event.swift */; };
		FA27CB402B7E37F600D2FB7B /* Alogea_Drug.swift in Sources */ = {isa = PBXBuildFile; fileRef = FA27CB3F2B7E37F600D2FB7B /* Alogea_Drug.swift */; };
		FA27CB422B7E389E00D2FB7B /* Algea_RecordType.swift in Sources */ = {isa = PBXBuildFile; fileRef = FA27CB412B7E389E00D2FB7B /* Algea_RecordType.swift */; };
		FA27CB442B7E997F00D2FB7B /* ReviewDates.swift in Sources */ = {isa = PBXBuildFile; fileRef = FA27CB432B7E997F00D2FB7B /* ReviewDates.swift */; };
		FA27CB482B7F961C00D2FB7B /* Extension String Array.swift in Sources */ = {isa = PBXBuildFile; fileRef = FA27CB472B7F961C00D2FB7B /* Extension String Array.swift */; };
		FA29F3752B7929C300BA5956 /* ErrorsListView.swift in Sources */ = {isa = PBXBuildFile; fileRef = FA29F3742B7929C300BA5956 /* ErrorsListView.swift */; };
		FA29F3772B79327E00BA5956 /* ErrorDetailView.swift in Sources */ = {isa = PBXBuildFile; fileRef = FA29F3762B79327E00BA5956 /* ErrorDetailView.swift */; };
		FA29F3792B796FEA00BA5956 /* ModelContainerPreview.swift in Sources */ = {isa = PBXBuildFile; fileRef = FA29F3782B796FEA00BA5956 /* ModelContainerPreview.swift */; };
		FA2D07612B975B5B00A9156C /* Ratings_Medicines_ChartView.swift in Sources */ = {isa = PBXBuildFile; fileRef = FA2D07602B975B5B00A9156C /* Ratings_Medicines_ChartView.swift */; };
		FA43FB932B7AA077007A9638 /* UIHelper.swift in Sources */ = {isa = PBXBuildFile; fileRef = FA43FB922B7AA077007A9638 /* UIHelper.swift */; };
		FA43FB952B7AA0C5007A9638 /* NewMedicineView.swift in Sources */ = {isa = PBXBuildFile; fileRef = FA43FB942B7AA0C5007A9638 /* NewMedicineView.swift */; };
		FA43FB972B7BB039007A9638 /* ErrorDatesView.swift in Sources */ = {isa = PBXBuildFile; fileRef = FA43FB962B7BB039007A9638 /* ErrorDatesView.swift */; };
		FA56B63C2B6D3C60003ED5FF /* NovalgeaApp.swift in Sources */ = {isa = PBXBuildFile; fileRef = FA56B63B2B6D3C60003ED5FF /* NovalgeaApp.swift */; };
		FA56B6432B6D3C60003ED5FF /* ContentView.swift in Sources */ = {isa = PBXBuildFile; fileRef = FA56B6422B6D3C60003ED5FF /* ContentView.swift */; };
		FA56B6452B6D3C61003ED5FF /* Assets.xcassets in Resources */ = {isa = PBXBuildFile; fileRef = FA56B6442B6D3C61003ED5FF /* Assets.xcassets */; };
		FA56B6492B6D3C61003ED5FF /* Preview Assets.xcassets in Resources */ = {isa = PBXBuildFile; fileRef = FA56B6482B6D3C61003ED5FF /* Preview Assets.xcassets */; };
		FA56B6542B6D3C62003ED5FF /* NovalgeaTests.swift in Sources */ = {isa = PBXBuildFile; fileRef = FA56B6532B6D3C62003ED5FF /* NovalgeaTests.swift */; };
		FA56B65E2B6D3C62003ED5FF /* NovalgeaUITests.swift in Sources */ = {isa = PBXBuildFile; fileRef = FA56B65D2B6D3C62003ED5FF /* NovalgeaUITests.swift */; };
		FA56B6602B6D3C62003ED5FF /* NovalgeaUITestsLaunchTests.swift in Sources */ = {isa = PBXBuildFile; fileRef = FA56B65F2B6D3C62003ED5FF /* NovalgeaUITestsLaunchTests.swift */; };
		FA56B66D2B6D3EC6003ED5FF /* Dose.swift in Sources */ = {isa = PBXBuildFile; fileRef = FA56B66C2B6D3EC6003ED5FF /* Dose.swift */; };
		FA56B6712B6D4D95003ED5FF /* UserText.swift in Sources */ = {isa = PBXBuildFile; fileRef = FA56B6702B6D4D95003ED5FF /* UserText.swift */; };
		FA56B6742B6D509A003ED5FF /* StoreKit.framework in Frameworks */ = {isa = PBXBuildFile; fileRef = FA56B6732B6D509A003ED5FF /* StoreKit.framework */; };
		FA56B6782B6D527C003ED5FF /* Localizable.xcstrings in Resources */ = {isa = PBXBuildFile; fileRef = FA56B6772B6D527C003ED5FF /* Localizable.xcstrings */; };
		FA6FBC3E2B8284DC007F0946 /* DiaryEventsListView.swift in Sources */ = {isa = PBXBuildFile; fileRef = FA6FBC3D2B8284DC007F0946 /* DiaryEventsListView.swift */; };
		FA6FBC402B82A684007F0946 /* RatingsListView.swift in Sources */ = {isa = PBXBuildFile; fileRef = FA6FBC3F2B82A684007F0946 /* RatingsListView.swift */; };
		FA6FBC422B836097007F0946 /* Medicine.swift in Sources */ = {isa = PBXBuildFile; fileRef = FA6FBC412B836097007F0946 /* Medicine.swift */; };
		FA6FBC442B836235007F0946 /* Extension Data.swift in Sources */ = {isa = PBXBuildFile; fileRef = FA6FBC432B836235007F0946 /* Extension Data.swift */; };
		FA6FBC462B8367E5007F0946 /* Extension Doses.swift in Sources */ = {isa = PBXBuildFile; fileRef = FA6FBC452B8367E5007F0946 /* Extension Doses.swift */; };
		FA8606722B73DFEE00C52D81 /* DataController.swift in Sources */ = {isa = PBXBuildFile; fileRef = FA8606712B73DFEE00C52D81 /* DataController.swift */; };
		FA975AF42B8E3937003802A4 /* ImportView.swift in Sources */ = {isa = PBXBuildFile; fileRef = FA975AF32B8E3937003802A4 /* ImportView.swift */; };
		FA975AF62B8E4832003802A4 /* AppDelegate.swift in Sources */ = {isa = PBXBuildFile; fileRef = FA975AF52B8E4832003802A4 /* AppDelegate.swift */; };
		FAB7DC092B752CBE009793CF /* MedicinesListView.swift in Sources */ = {isa = PBXBuildFile; fileRef = FAB7DC082B752CBE009793CF /* MedicinesListView.swift */; };
		FABEBEFD2B6E952C007AE48C /* ErrorManager.swift in Sources */ = {isa = PBXBuildFile; fileRef = FABEBEFC2B6E952C007AE48C /* ErrorManager.swift */; };
		FAC7A6442B98CE03002EDB57 /* MedicineEvent.swift in Sources */ = {isa = PBXBuildFile; fileRef = FAC7A6432B98CE03002EDB57 /* MedicineEvent.swift */; };
		FAE8889B2B862A5700E942E8 /* ModalProgressView.swift in Sources */ = {isa = PBXBuildFile; fileRef = FAE8889A2B862A5700E942E8 /* ModalProgressView.swift */; };
		FAE888A22B877B6500E942E8 /* ExportView.swift in Sources */ = {isa = PBXBuildFile; fileRef = FAE888A12B877B6500E942E8 /* ExportView.swift */; };
		FAE888A62B879B2000E942E8 /* BackupManager.swift in Sources */ = {isa = PBXBuildFile; fileRef = FAE888A52B879B2000E942E8 /* BackupManager.swift */; };
		FAEB12A02B939610000FC32E /* EventsChartView.swift in Sources */ = {isa = PBXBuildFile; fileRef = FAEB129F2B939610000FC32E /* EventsChartView.swift */; };
		FAFD67112B8F4F2D00BC2EA7 /* Extension UTType.swift in Sources */ = {isa = PBXBuildFile; fileRef = FAFD67102B8F4F2D00BC2EA7 /* Extension UTType.swift */; };
		FAFD67132B8F509500BC2EA7 /* Userdefaults.swift in Sources */ = {isa = PBXBuildFile; fileRef = FAFD67122B8F509500BC2EA7 /* Userdefaults.swift */; };
		FAFD67152B8FCDC300BC2EA7 /* ABFImportList.swift in Sources */ = {isa = PBXBuildFile; fileRef = FAFD67142B8FCDC300BC2EA7 /* ABFImportList.swift */; };
		FAFD67172B8FCFFD00BC2EA7 /* ABFImportDetail.swift in Sources */ = {isa = PBXBuildFile; fileRef = FAFD67162B8FCFFD00BC2EA7 /* ABFImportDetail.swift */; };
		FAFD671A2B90DFDD00BC2EA7 /* GraphicDiaryView.swift in Sources */ = {isa = PBXBuildFile; fileRef = FAFD67192B90DFDD00BC2EA7 /* GraphicDiaryView.swift */; };
		FAFD671E2B90E66C00BC2EA7 /* Globals.swift in Sources */ = {isa = PBXBuildFile; fileRef = FAFD671D2B90E66C00BC2EA7 /* Globals.swift */; };
		FAFD67202B910A7900BC2EA7 /* Extension Date.swift in Sources */ = {isa = PBXBuildFile; fileRef = FAFD671F2B910A7900BC2EA7 /* Extension Date.swift */; };
		FAFEC7FF2B9115BF00593550 /* DiarySelectionSection.swift in Sources */ = {isa = PBXBuildFile; fileRef = FAFEC7FE2B9115BF00593550 /* DiarySelectionSection.swift */; };
/* End PBXBuildFile section */

/* Begin PBXContainerItemProxy section */
		FA56B6502B6D3C62003ED5FF /* PBXContainerItemProxy */ = {
			isa = PBXContainerItemProxy;
			containerPortal = FA56B6302B6D3C60003ED5FF /* Project object */;
			proxyType = 1;
			remoteGlobalIDString = FA56B6372B6D3C60003ED5FF;
			remoteInfo = Novalgea;
		};
		FA56B65A2B6D3C62003ED5FF /* PBXContainerItemProxy */ = {
			isa = PBXContainerItemProxy;
			containerPortal = FA56B6302B6D3C60003ED5FF /* Project object */;
			proxyType = 1;
			remoteGlobalIDString = FA56B6372B6D3C60003ED5FF;
			remoteInfo = Novalgea;
		};
/* End PBXContainerItemProxy section */

/* Begin PBXFileReference section */
		FA1425F42B6FF0FB00B2C622 /* DiaryEvent.swift */ = {isa = PBXFileReference; lastKnownFileType = sourcecode.swift; path = DiaryEvent.swift; sourceTree = "<group>"; };
		FA1425F52B6FF0FB00B2C622 /* ExerciseEvent.swift */ = {isa = PBXFileReference; lastKnownFileType = sourcecode.swift; path = ExerciseEvent.swift; sourceTree = "<group>"; };
		FA1425F62B6FF0FB00B2C622 /* Rating.swift */ = {isa = PBXFileReference; lastKnownFileType = sourcecode.swift; path = Rating.swift; sourceTree = "<group>"; };
		FA1425F72B6FF0FB00B2C622 /* InternalError.swift */ = {isa = PBXFileReference; lastKnownFileType = sourcecode.swift; path = InternalError.swift; sourceTree = "<group>"; };
		FA1425F82B6FF0FB00B2C622 /* Symptom.swift */ = {isa = PBXFileReference; lastKnownFileType = sourcecode.swift; path = Symptom.swift; sourceTree = "<group>"; };
		FA27CB1A2B7D09A400D2FB7B /* AlogeaBackupDocument.swift */ = {isa = PBXFileReference; lastKnownFileType = sourcecode.swift; path = AlogeaBackupDocument.swift; sourceTree = "<group>"; };
		FA27CB3B2B7D5F0900D2FB7B /* AlogeaFileImportView.swift */ = {isa = PBXFileReference; lastKnownFileType = sourcecode.swift; path = AlogeaFileImportView.swift; sourceTree = "<group>"; };
		FA27CB3D2B7E374300D2FB7B /* Alogea_Event.swift */ = {isa = PBXFileReference; lastKnownFileType = sourcecode.swift; path = Alogea_Event.swift; sourceTree = "<group>"; };
		FA27CB3F2B7E37F600D2FB7B /* Alogea_Drug.swift */ = {isa = PBXFileReference; lastKnownFileType = sourcecode.swift; path = Alogea_Drug.swift; sourceTree = "<group>"; };
		FA27CB412B7E389E00D2FB7B /* Algea_RecordType.swift */ = {isa = PBXFileReference; lastKnownFileType = sourcecode.swift; path = Algea_RecordType.swift; sourceTree = "<group>"; };
		FA27CB432B7E997F00D2FB7B /* ReviewDates.swift */ = {isa = PBXFileReference; lastKnownFileType = sourcecode.swift; path = ReviewDates.swift; sourceTree = "<group>"; };
		FA27CB472B7F961C00D2FB7B /* Extension String Array.swift */ = {isa = PBXFileReference; lastKnownFileType = sourcecode.swift; path = "Extension String Array.swift"; sourceTree = "<group>"; };
		FA29F3742B7929C300BA5956 /* ErrorsListView.swift */ = {isa = PBXFileReference; lastKnownFileType = sourcecode.swift; path = ErrorsListView.swift; sourceTree = "<group>"; };
		FA29F3762B79327E00BA5956 /* ErrorDetailView.swift */ = {isa = PBXFileReference; lastKnownFileType = sourcecode.swift; path = ErrorDetailView.swift; sourceTree = "<group>"; };
		FA29F3782B796FEA00BA5956 /* ModelContainerPreview.swift */ = {isa = PBXFileReference; fileEncoding = 4; lastKnownFileType = sourcecode.swift; path = ModelContainerPreview.swift; sourceTree = "<group>"; };
		FA2D07602B975B5B00A9156C /* Ratings_Medicines_ChartView.swift */ = {isa = PBXFileReference; lastKnownFileType = sourcecode.swift; path = Ratings_Medicines_ChartView.swift; sourceTree = "<group>"; };
		FA43FB922B7AA077007A9638 /* UIHelper.swift */ = {isa = PBXFileReference; lastKnownFileType = sourcecode.swift; path = UIHelper.swift; sourceTree = "<group>"; };
		FA43FB942B7AA0C5007A9638 /* NewMedicineView.swift */ = {isa = PBXFileReference; lastKnownFileType = sourcecode.swift; path = NewMedicineView.swift; sourceTree = "<group>"; };
		FA43FB962B7BB039007A9638 /* ErrorDatesView.swift */ = {isa = PBXFileReference; lastKnownFileType = sourcecode.swift; path = ErrorDatesView.swift; sourceTree = "<group>"; };
		FA56B6382B6D3C60003ED5FF /* Novalgea.app */ = {isa = PBXFileReference; explicitFileType = wrapper.application; includeInIndex = 0; path = Novalgea.app; sourceTree = BUILT_PRODUCTS_DIR; };
		FA56B63B2B6D3C60003ED5FF /* NovalgeaApp.swift */ = {isa = PBXFileReference; lastKnownFileType = sourcecode.swift; path = NovalgeaApp.swift; sourceTree = "<group>"; };
		FA56B6422B6D3C60003ED5FF /* ContentView.swift */ = {isa = PBXFileReference; lastKnownFileType = sourcecode.swift; path = ContentView.swift; sourceTree = "<group>"; };
		FA56B6442B6D3C61003ED5FF /* Assets.xcassets */ = {isa = PBXFileReference; lastKnownFileType = folder.assetcatalog; path = Assets.xcassets; sourceTree = "<group>"; };
		FA56B6462B6D3C61003ED5FF /* Novalgea.entitlements */ = {isa = PBXFileReference; lastKnownFileType = text.plist.entitlements; path = Novalgea.entitlements; sourceTree = "<group>"; };
		FA56B6482B6D3C61003ED5FF /* Preview Assets.xcassets */ = {isa = PBXFileReference; lastKnownFileType = folder.assetcatalog; path = "Preview Assets.xcassets"; sourceTree = "<group>"; };
		FA56B64A2B6D3C61003ED5FF /* Info.plist */ = {isa = PBXFileReference; lastKnownFileType = text.plist.xml; path = Info.plist; sourceTree = "<group>"; };
		FA56B64F2B6D3C62003ED5FF /* NovalgeaTests.xctest */ = {isa = PBXFileReference; explicitFileType = wrapper.cfbundle; includeInIndex = 0; path = NovalgeaTests.xctest; sourceTree = BUILT_PRODUCTS_DIR; };
		FA56B6532B6D3C62003ED5FF /* NovalgeaTests.swift */ = {isa = PBXFileReference; lastKnownFileType = sourcecode.swift; path = NovalgeaTests.swift; sourceTree = "<group>"; };
		FA56B6592B6D3C62003ED5FF /* NovalgeaUITests.xctest */ = {isa = PBXFileReference; explicitFileType = wrapper.cfbundle; includeInIndex = 0; path = NovalgeaUITests.xctest; sourceTree = BUILT_PRODUCTS_DIR; };
		FA56B65D2B6D3C62003ED5FF /* NovalgeaUITests.swift */ = {isa = PBXFileReference; lastKnownFileType = sourcecode.swift; path = NovalgeaUITests.swift; sourceTree = "<group>"; };
		FA56B65F2B6D3C62003ED5FF /* NovalgeaUITestsLaunchTests.swift */ = {isa = PBXFileReference; lastKnownFileType = sourcecode.swift; path = NovalgeaUITestsLaunchTests.swift; sourceTree = "<group>"; };
		FA56B66C2B6D3EC6003ED5FF /* Dose.swift */ = {isa = PBXFileReference; lastKnownFileType = sourcecode.swift; path = Dose.swift; sourceTree = "<group>"; };
		FA56B6702B6D4D95003ED5FF /* UserText.swift */ = {isa = PBXFileReference; lastKnownFileType = sourcecode.swift; path = UserText.swift; sourceTree = "<group>"; };
		FA56B6732B6D509A003ED5FF /* StoreKit.framework */ = {isa = PBXFileReference; lastKnownFileType = wrapper.framework; name = StoreKit.framework; path = System/Library/Frameworks/StoreKit.framework; sourceTree = SDKROOT; };
		FA56B6772B6D527C003ED5FF /* Localizable.xcstrings */ = {isa = PBXFileReference; fileEncoding = 4; lastKnownFileType = text.json.xcstrings; path = Localizable.xcstrings; sourceTree = "<group>"; };
		FA6FBC3D2B8284DC007F0946 /* DiaryEventsListView.swift */ = {isa = PBXFileReference; lastKnownFileType = sourcecode.swift; path = DiaryEventsListView.swift; sourceTree = "<group>"; };
		FA6FBC3F2B82A684007F0946 /* RatingsListView.swift */ = {isa = PBXFileReference; lastKnownFileType = sourcecode.swift; path = RatingsListView.swift; sourceTree = "<group>"; };
		FA6FBC412B836097007F0946 /* Medicine.swift */ = {isa = PBXFileReference; fileEncoding = 4; lastKnownFileType = sourcecode.swift; path = Medicine.swift; sourceTree = "<group>"; };
		FA6FBC432B836235007F0946 /* Extension Data.swift */ = {isa = PBXFileReference; lastKnownFileType = sourcecode.swift; path = "Extension Data.swift"; sourceTree = "<group>"; };
		FA6FBC452B8367E5007F0946 /* Extension Doses.swift */ = {isa = PBXFileReference; lastKnownFileType = sourcecode.swift; path = "Extension Doses.swift"; sourceTree = "<group>"; };
		FA8606712B73DFEE00C52D81 /* DataController.swift */ = {isa = PBXFileReference; lastKnownFileType = sourcecode.swift; path = DataController.swift; sourceTree = "<group>"; };
		FA975AF32B8E3937003802A4 /* ImportView.swift */ = {isa = PBXFileReference; lastKnownFileType = sourcecode.swift; path = ImportView.swift; sourceTree = "<group>"; };
		FA975AF52B8E4832003802A4 /* AppDelegate.swift */ = {isa = PBXFileReference; lastKnownFileType = sourcecode.swift; path = AppDelegate.swift; sourceTree = "<group>"; };
		FAB7DC082B752CBE009793CF /* MedicinesListView.swift */ = {isa = PBXFileReference; lastKnownFileType = sourcecode.swift; path = MedicinesListView.swift; sourceTree = "<group>"; };
		FABEBEFC2B6E952C007AE48C /* ErrorManager.swift */ = {isa = PBXFileReference; lastKnownFileType = sourcecode.swift; path = ErrorManager.swift; sourceTree = "<group>"; };
		FAC7A6432B98CE03002EDB57 /* MedicineEvent.swift */ = {isa = PBXFileReference; lastKnownFileType = sourcecode.swift; path = MedicineEvent.swift; sourceTree = "<group>"; };
		FAE8889A2B862A5700E942E8 /* ModalProgressView.swift */ = {isa = PBXFileReference; lastKnownFileType = sourcecode.swift; path = ModalProgressView.swift; sourceTree = "<group>"; };
		FAE888A12B877B6500E942E8 /* ExportView.swift */ = {isa = PBXFileReference; lastKnownFileType = sourcecode.swift; path = ExportView.swift; sourceTree = "<group>"; };
		FAE888A52B879B2000E942E8 /* BackupManager.swift */ = {isa = PBXFileReference; lastKnownFileType = sourcecode.swift; path = BackupManager.swift; sourceTree = "<group>"; };
		FAEB129F2B939610000FC32E /* EventsChartView.swift */ = {isa = PBXFileReference; lastKnownFileType = sourcecode.swift; path = EventsChartView.swift; sourceTree = "<group>"; };
		FAFD67102B8F4F2D00BC2EA7 /* Extension UTType.swift */ = {isa = PBXFileReference; lastKnownFileType = sourcecode.swift; path = "Extension UTType.swift"; sourceTree = "<group>"; };
		FAFD67122B8F509500BC2EA7 /* Userdefaults.swift */ = {isa = PBXFileReference; lastKnownFileType = sourcecode.swift; path = Userdefaults.swift; sourceTree = "<group>"; };
		FAFD67142B8FCDC300BC2EA7 /* ABFImportList.swift */ = {isa = PBXFileReference; lastKnownFileType = sourcecode.swift; path = ABFImportList.swift; sourceTree = "<group>"; };
		FAFD67162B8FCFFD00BC2EA7 /* ABFImportDetail.swift */ = {isa = PBXFileReference; lastKnownFileType = sourcecode.swift; path = ABFImportDetail.swift; sourceTree = "<group>"; };
		FAFD67192B90DFDD00BC2EA7 /* GraphicDiaryView.swift */ = {isa = PBXFileReference; lastKnownFileType = sourcecode.swift; path = GraphicDiaryView.swift; sourceTree = "<group>"; };
		FAFD671D2B90E66C00BC2EA7 /* Globals.swift */ = {isa = PBXFileReference; lastKnownFileType = sourcecode.swift; path = Globals.swift; sourceTree = "<group>"; };
		FAFD671F2B910A7900BC2EA7 /* Extension Date.swift */ = {isa = PBXFileReference; lastKnownFileType = sourcecode.swift; path = "Extension Date.swift"; sourceTree = SOURCE_ROOT; };
		FAFEC7FE2B9115BF00593550 /* DiarySelectionSection.swift */ = {isa = PBXFileReference; lastKnownFileType = sourcecode.swift; path = DiarySelectionSection.swift; sourceTree = "<group>"; };
/* End PBXFileReference section */

/* Begin PBXFrameworksBuildPhase section */
		FA56B6352B6D3C60003ED5FF /* Frameworks */ = {
			isa = PBXFrameworksBuildPhase;
			buildActionMask = 2147483647;
			files = (
				FA56B6742B6D509A003ED5FF /* StoreKit.framework in Frameworks */,
			);
			runOnlyForDeploymentPostprocessing = 0;
		};
		FA56B64C2B6D3C62003ED5FF /* Frameworks */ = {
			isa = PBXFrameworksBuildPhase;
			buildActionMask = 2147483647;
			files = (
			);
			runOnlyForDeploymentPostprocessing = 0;
		};
		FA56B6562B6D3C62003ED5FF /* Frameworks */ = {
			isa = PBXFrameworksBuildPhase;
			buildActionMask = 2147483647;
			files = (
			);
			runOnlyForDeploymentPostprocessing = 0;
		};
/* End PBXFrameworksBuildPhase section */

/* Begin PBXGroup section */
		FA43FB982B7BF5AD007A9638 /* ErrorViews */ = {
			isa = PBXGroup;
			children = (
				FA29F3742B7929C300BA5956 /* ErrorsListView.swift */,
				FA29F3762B79327E00BA5956 /* ErrorDetailView.swift */,
				FA43FB962B7BB039007A9638 /* ErrorDatesView.swift */,
			);
			path = ErrorViews;
			sourceTree = "<group>";
		};
		FA56B62F2B6D3C60003ED5FF = {
			isa = PBXGroup;
			children = (
				FA56B6772B6D527C003ED5FF /* Localizable.xcstrings */,
				FAE8889D2B877ACE00E942E8 /* Models */,
				FA27CB432B7E997F00D2FB7B /* ReviewDates.swift */,
				FAFD67122B8F509500BC2EA7 /* Userdefaults.swift */,
				FAFD671D2B90E66C00BC2EA7 /* Globals.swift */,
				FAE8889E2B877AE400E942E8 /* Models Alogea */,
				FABEBEFF2B6E954E007AE48C /* Manager */,
				FAE8889C2B877AA000E942E8 /* Extension */,
				FA56B63A2B6D3C60003ED5FF /* Novalgea */,
				FA56B6522B6D3C62003ED5FF /* NovalgeaTests */,
				FA56B65C2B6D3C62003ED5FF /* NovalgeaUITests */,
				FA56B6392B6D3C60003ED5FF /* Products */,
				FA56B6722B6D509A003ED5FF /* Frameworks */,
			);
			sourceTree = "<group>";
		};
		FA56B6392B6D3C60003ED5FF /* Products */ = {
			isa = PBXGroup;
			children = (
				FA56B6382B6D3C60003ED5FF /* Novalgea.app */,
				FA56B64F2B6D3C62003ED5FF /* NovalgeaTests.xctest */,
				FA56B6592B6D3C62003ED5FF /* NovalgeaUITests.xctest */,
			);
			name = Products;
			sourceTree = "<group>";
		};
		FA56B63A2B6D3C60003ED5FF /* Novalgea */ = {
			isa = PBXGroup;
			children = (
				FA56B63B2B6D3C60003ED5FF /* NovalgeaApp.swift */,
				FA975AF52B8E4832003802A4 /* AppDelegate.swift */,
				FAFD67192B90DFDD00BC2EA7 /* GraphicDiaryView.swift */,
				FAFEC7FE2B9115BF00593550 /* DiarySelectionSection.swift */,
				FA2D07602B975B5B00A9156C /* Ratings_Medicines_ChartView.swift */,
				FAEB129F2B939610000FC32E /* EventsChartView.swift */,
				FAE888A12B877B6500E942E8 /* ExportView.swift */,
				FA975AF32B8E3937003802A4 /* ImportView.swift */,
				FAFD67182B90D56000BC2EA7 /* Alogea File Import */,
				FAE8889A2B862A5700E942E8 /* ModalProgressView.swift */,
				FA56B6422B6D3C60003ED5FF /* ContentView.swift */,
				FAB7DC082B752CBE009793CF /* MedicinesListView.swift */,
				FA6FBC3D2B8284DC007F0946 /* DiaryEventsListView.swift */,
				FA6FBC3F2B82A684007F0946 /* RatingsListView.swift */,
				FA43FB942B7AA0C5007A9638 /* NewMedicineView.swift */,
				FA43FB922B7AA077007A9638 /* UIHelper.swift */,
				FA43FB982B7BF5AD007A9638 /* ErrorViews */,
				FA56B66C2B6D3EC6003ED5FF /* Dose.swift */,
				FA56B6442B6D3C61003ED5FF /* Assets.xcassets */,
				FA56B6462B6D3C61003ED5FF /* Novalgea.entitlements */,
				FA56B64A2B6D3C61003ED5FF /* Info.plist */,
				FA56B6472B6D3C61003ED5FF /* Preview Content */,
			);
			path = Novalgea;
			sourceTree = "<group>";
		};
		FA56B6472B6D3C61003ED5FF /* Preview Content */ = {
			isa = PBXGroup;
			children = (
				FA56B6482B6D3C61003ED5FF /* Preview Assets.xcassets */,
			);
			path = "Preview Content";
			sourceTree = "<group>";
		};
		FA56B6522B6D3C62003ED5FF /* NovalgeaTests */ = {
			isa = PBXGroup;
			children = (
				FA56B6532B6D3C62003ED5FF /* NovalgeaTests.swift */,
			);
			path = NovalgeaTests;
			sourceTree = "<group>";
		};
		FA56B65C2B6D3C62003ED5FF /* NovalgeaUITests */ = {
			isa = PBXGroup;
			children = (
				FA56B65D2B6D3C62003ED5FF /* NovalgeaUITests.swift */,
				FA56B65F2B6D3C62003ED5FF /* NovalgeaUITestsLaunchTests.swift */,
			);
			path = NovalgeaUITests;
			sourceTree = "<group>";
		};
		FA56B6722B6D509A003ED5FF /* Frameworks */ = {
			isa = PBXGroup;
			children = (
				FA56B6732B6D509A003ED5FF /* StoreKit.framework */,
			);
			name = Frameworks;
			sourceTree = "<group>";
		};
		FABEBEFF2B6E954E007AE48C /* Manager */ = {
			isa = PBXGroup;
			children = (
				FAE888A52B879B2000E942E8 /* BackupManager.swift */,
				FABEBEFC2B6E952C007AE48C /* ErrorManager.swift */,
				FA8606712B73DFEE00C52D81 /* DataController.swift */,
				FA29F3782B796FEA00BA5956 /* ModelContainerPreview.swift */,
				FA56B6702B6D4D95003ED5FF /* UserText.swift */,
				FA27CB1A2B7D09A400D2FB7B /* AlogeaBackupDocument.swift */,
			);
			path = Manager;
			sourceTree = "<group>";
		};
		FAE8889C2B877AA000E942E8 /* Extension */ = {
			isa = PBXGroup;
			children = (
				FAFD671F2B910A7900BC2EA7 /* Extension Date.swift */,
				FAFD67102B8F4F2D00BC2EA7 /* Extension UTType.swift */,
				FA6FBC452B8367E5007F0946 /* Extension Doses.swift */,
				FA27CB472B7F961C00D2FB7B /* Extension String Array.swift */,
				FA6FBC432B836235007F0946 /* Extension Data.swift */,
			);
			path = Extension;
			sourceTree = "<group>";
		};
		FAE8889D2B877ACE00E942E8 /* Models */ = {
			isa = PBXGroup;
			children = (
				FAC7A6432B98CE03002EDB57 /* MedicineEvent.swift */,
				FA6FBC412B836097007F0946 /* Medicine.swift */,
				FA1425F62B6FF0FB00B2C622 /* Rating.swift */,
				FA1425F82B6FF0FB00B2C622 /* Symptom.swift */,
				FA1425F42B6FF0FB00B2C622 /* DiaryEvent.swift */,
				FA1425F52B6FF0FB00B2C622 /* ExerciseEvent.swift */,
				FA1425F72B6FF0FB00B2C622 /* InternalError.swift */,
			);
			path = Models;
			sourceTree = "<group>";
		};
		FAE8889E2B877AE400E942E8 /* Models Alogea */ = {
			isa = PBXGroup;
			children = (
				FA27CB3D2B7E374300D2FB7B /* Alogea_Event.swift */,
				FA27CB3F2B7E37F600D2FB7B /* Alogea_Drug.swift */,
				FA27CB412B7E389E00D2FB7B /* Algea_RecordType.swift */,
			);
			path = "Models Alogea";
			sourceTree = "<group>";
		};
		FAFD67182B90D56000BC2EA7 /* Alogea File Import */ = {
			isa = PBXGroup;
			children = (
				FA27CB3B2B7D5F0900D2FB7B /* AlogeaFileImportView.swift */,
				FAFD67142B8FCDC300BC2EA7 /* ABFImportList.swift */,
				FAFD67162B8FCFFD00BC2EA7 /* ABFImportDetail.swift */,
			);
			path = "Alogea File Import";
			sourceTree = "<group>";
		};
/* End PBXGroup section */

/* Begin PBXNativeTarget section */
		FA56B6372B6D3C60003ED5FF /* Novalgea */ = {
			isa = PBXNativeTarget;
			buildConfigurationList = FA56B6632B6D3C62003ED5FF /* Build configuration list for PBXNativeTarget "Novalgea" */;
			buildPhases = (
				FA56B6342B6D3C60003ED5FF /* Sources */,
				FA56B6352B6D3C60003ED5FF /* Frameworks */,
				FA56B6362B6D3C60003ED5FF /* Resources */,
			);
			buildRules = (
			);
			dependencies = (
			);
			name = Novalgea;
			productName = Novalgea;
			productReference = FA56B6382B6D3C60003ED5FF /* Novalgea.app */;
			productType = "com.apple.product-type.application";
		};
		FA56B64E2B6D3C62003ED5FF /* NovalgeaTests */ = {
			isa = PBXNativeTarget;
			buildConfigurationList = FA56B6662B6D3C62003ED5FF /* Build configuration list for PBXNativeTarget "NovalgeaTests" */;
			buildPhases = (
				FA56B64B2B6D3C62003ED5FF /* Sources */,
				FA56B64C2B6D3C62003ED5FF /* Frameworks */,
				FA56B64D2B6D3C62003ED5FF /* Resources */,
			);
			buildRules = (
			);
			dependencies = (
				FA56B6512B6D3C62003ED5FF /* PBXTargetDependency */,
			);
			name = NovalgeaTests;
			productName = NovalgeaTests;
			productReference = FA56B64F2B6D3C62003ED5FF /* NovalgeaTests.xctest */;
			productType = "com.apple.product-type.bundle.unit-test";
		};
		FA56B6582B6D3C62003ED5FF /* NovalgeaUITests */ = {
			isa = PBXNativeTarget;
			buildConfigurationList = FA56B6692B6D3C62003ED5FF /* Build configuration list for PBXNativeTarget "NovalgeaUITests" */;
			buildPhases = (
				FA56B6552B6D3C62003ED5FF /* Sources */,
				FA56B6562B6D3C62003ED5FF /* Frameworks */,
				FA56B6572B6D3C62003ED5FF /* Resources */,
			);
			buildRules = (
			);
			dependencies = (
				FA56B65B2B6D3C62003ED5FF /* PBXTargetDependency */,
			);
			name = NovalgeaUITests;
			productName = NovalgeaUITests;
			productReference = FA56B6592B6D3C62003ED5FF /* NovalgeaUITests.xctest */;
			productType = "com.apple.product-type.bundle.ui-testing";
		};
/* End PBXNativeTarget section */

/* Begin PBXProject section */
		FA56B6302B6D3C60003ED5FF /* Project object */ = {
			isa = PBXProject;
			attributes = {
				BuildIndependentTargetsInParallel = 1;
				LastSwiftUpdateCheck = 1510;
				LastUpgradeCheck = 1520;
				TargetAttributes = {
					FA56B6372B6D3C60003ED5FF = {
						CreatedOnToolsVersion = 15.1;
					};
					FA56B64E2B6D3C62003ED5FF = {
						CreatedOnToolsVersion = 15.1;
						TestTargetID = FA56B6372B6D3C60003ED5FF;
					};
					FA56B6582B6D3C62003ED5FF = {
						CreatedOnToolsVersion = 15.1;
						TestTargetID = FA56B6372B6D3C60003ED5FF;
					};
				};
			};
			buildConfigurationList = FA56B6332B6D3C60003ED5FF /* Build configuration list for PBXProject "Novalgea" */;
			compatibilityVersion = "Xcode 14.0";
			developmentRegion = en;
			hasScannedForEncodings = 0;
			knownRegions = (
				en,
				Base,
				de,
			);
			mainGroup = FA56B62F2B6D3C60003ED5FF;
			productRefGroup = FA56B6392B6D3C60003ED5FF /* Products */;
			projectDirPath = "";
			projectRoot = "";
			targets = (
				FA56B6372B6D3C60003ED5FF /* Novalgea */,
				FA56B64E2B6D3C62003ED5FF /* NovalgeaTests */,
				FA56B6582B6D3C62003ED5FF /* NovalgeaUITests */,
			);
		};
/* End PBXProject section */

/* Begin PBXResourcesBuildPhase section */
		FA56B6362B6D3C60003ED5FF /* Resources */ = {
			isa = PBXResourcesBuildPhase;
			buildActionMask = 2147483647;
			files = (
				FA56B6492B6D3C61003ED5FF /* Preview Assets.xcassets in Resources */,
				FA56B6452B6D3C61003ED5FF /* Assets.xcassets in Resources */,
				FA56B6782B6D527C003ED5FF /* Localizable.xcstrings in Resources */,
			);
			runOnlyForDeploymentPostprocessing = 0;
		};
		FA56B64D2B6D3C62003ED5FF /* Resources */ = {
			isa = PBXResourcesBuildPhase;
			buildActionMask = 2147483647;
			files = (
			);
			runOnlyForDeploymentPostprocessing = 0;
		};
		FA56B6572B6D3C62003ED5FF /* Resources */ = {
			isa = PBXResourcesBuildPhase;
			buildActionMask = 2147483647;
			files = (
			);
			runOnlyForDeploymentPostprocessing = 0;
		};
/* End PBXResourcesBuildPhase section */

/* Begin PBXSourcesBuildPhase section */
		FA56B6342B6D3C60003ED5FF /* Sources */ = {
			isa = PBXSourcesBuildPhase;
			buildActionMask = 2147483647;
			files = (
				FA2D07612B975B5B00A9156C /* Ratings_Medicines_ChartView.swift in Sources */,
				FAEB12A02B939610000FC32E /* EventsChartView.swift in Sources */,
				FA1425FA2B6FF0FB00B2C622 /* ExerciseEvent.swift in Sources */,
				FA29F3792B796FEA00BA5956 /* ModelContainerPreview.swift in Sources */,
				FAFEC7FF2B9115BF00593550 /* DiarySelectionSection.swift in Sources */,
				FA27CB442B7E997F00D2FB7B /* ReviewDates.swift in Sources */,
				FA6FBC442B836235007F0946 /* Extension Data.swift in Sources */,
				FAFD67132B8F509500BC2EA7 /* Userdefaults.swift in Sources */,
				FAC7A6442B98CE03002EDB57 /* MedicineEvent.swift in Sources */,
				FA56B63C2B6D3C60003ED5FF /* NovalgeaApp.swift in Sources */,
				FABEBEFD2B6E952C007AE48C /* ErrorManager.swift in Sources */,
				FAFD67172B8FCFFD00BC2EA7 /* ABFImportDetail.swift in Sources */,
				FA27CB482B7F961C00D2FB7B /* Extension String Array.swift in Sources */,
				FA27CB422B7E389E00D2FB7B /* Algea_RecordType.swift in Sources */,
				FA6FBC422B836097007F0946 /* Medicine.swift in Sources */,
				FAFD671A2B90DFDD00BC2EA7 /* GraphicDiaryView.swift in Sources */,
				FA1425FE2B6FF0FB00B2C622 /* Symptom.swift in Sources */,
				FA43FB952B7AA0C5007A9638 /* NewMedicineView.swift in Sources */,
				FAFD67202B910A7900BC2EA7 /* Extension Date.swift in Sources */,
				FA43FB932B7AA077007A9638 /* UIHelper.swift in Sources */,
				FA975AF62B8E4832003802A4 /* AppDelegate.swift in Sources */,
				FA27CB3C2B7D5F0900D2FB7B /* AlogeaFileImportView.swift in Sources */,
				FA1426002B6FF0FB00B2C622 /* InternalError.swift in Sources */,
				FA27CB1B2B7D09A400D2FB7B /* AlogeaBackupDocument.swift in Sources */,
				FAE8889B2B862A5700E942E8 /* ModalProgressView.swift in Sources */,
				FA8606722B73DFEE00C52D81 /* DataController.swift in Sources */,
				FAFD67152B8FCDC300BC2EA7 /* ABFImportList.swift in Sources */,
				FA29F3772B79327E00BA5956 /* ErrorDetailView.swift in Sources */,
				FA6FBC402B82A684007F0946 /* RatingsListView.swift in Sources */,
				FA1425FC2B6FF0FB00B2C622 /* Rating.swift in Sources */,
				FA43FB972B7BB039007A9638 /* ErrorDatesView.swift in Sources */,
				FAE888A62B879B2000E942E8 /* BackupManager.swift in Sources */,
				FA27CB402B7E37F600D2FB7B /* Alogea_Drug.swift in Sources */,
				FA975AF42B8E3937003802A4 /* ImportView.swift in Sources */,
				FA56B66D2B6D3EC6003ED5FF /* Dose.swift in Sources */,
				FAFD671E2B90E66C00BC2EA7 /* Globals.swift in Sources */,
				FA1425FD2B6FF0FB00B2C622 /* DiaryEvent.swift in Sources */,
				FA56B6432B6D3C60003ED5FF /* ContentView.swift in Sources */,
				FAE888A22B877B6500E942E8 /* ExportView.swift in Sources */,
				FAB7DC092B752CBE009793CF /* MedicinesListView.swift in Sources */,
				FA6FBC3E2B8284DC007F0946 /* DiaryEventsListView.swift in Sources */,
				FA29F3752B7929C300BA5956 /* ErrorsListView.swift in Sources */,
				FA27CB3E2B7E374300D2FB7B /* Alogea_Event.swift in Sources */,
				FAFD67112B8F4F2D00BC2EA7 /* Extension UTType.swift in Sources */,
				FA6FBC462B8367E5007F0946 /* Extension Doses.swift in Sources */,
				FA56B6712B6D4D95003ED5FF /* UserText.swift in Sources */,
			);
			runOnlyForDeploymentPostprocessing = 0;
		};
		FA56B64B2B6D3C62003ED5FF /* Sources */ = {
			isa = PBXSourcesBuildPhase;
			buildActionMask = 2147483647;
			files = (
				FA56B6542B6D3C62003ED5FF /* NovalgeaTests.swift in Sources */,
			);
			runOnlyForDeploymentPostprocessing = 0;
		};
		FA56B6552B6D3C62003ED5FF /* Sources */ = {
			isa = PBXSourcesBuildPhase;
			buildActionMask = 2147483647;
			files = (
				FA56B6602B6D3C62003ED5FF /* NovalgeaUITestsLaunchTests.swift in Sources */,
				FA56B65E2B6D3C62003ED5FF /* NovalgeaUITests.swift in Sources */,
			);
			runOnlyForDeploymentPostprocessing = 0;
		};
/* End PBXSourcesBuildPhase section */

/* Begin PBXTargetDependency section */
		FA56B6512B6D3C62003ED5FF /* PBXTargetDependency */ = {
			isa = PBXTargetDependency;
			target = FA56B6372B6D3C60003ED5FF /* Novalgea */;
			targetProxy = FA56B6502B6D3C62003ED5FF /* PBXContainerItemProxy */;
		};
		FA56B65B2B6D3C62003ED5FF /* PBXTargetDependency */ = {
			isa = PBXTargetDependency;
			target = FA56B6372B6D3C60003ED5FF /* Novalgea */;
			targetProxy = FA56B65A2B6D3C62003ED5FF /* PBXContainerItemProxy */;
		};
/* End PBXTargetDependency section */

/* Begin XCBuildConfiguration section */
		FA56B6612B6D3C62003ED5FF /* Debug */ = {
			isa = XCBuildConfiguration;
			buildSettings = {
				ALWAYS_SEARCH_USER_PATHS = NO;
				ASSETCATALOG_COMPILER_GENERATE_SWIFT_ASSET_SYMBOL_EXTENSIONS = YES;
				CLANG_ANALYZER_LOCALIZABILITY_NONLOCALIZED = YES;
				CLANG_ANALYZER_NONNULL = YES;
				CLANG_ANALYZER_NUMBER_OBJECT_CONVERSION = YES_AGGRESSIVE;
				CLANG_CXX_LANGUAGE_STANDARD = "gnu++20";
				CLANG_ENABLE_MODULES = YES;
				CLANG_ENABLE_OBJC_ARC = YES;
				CLANG_ENABLE_OBJC_WEAK = YES;
				CLANG_WARN_BLOCK_CAPTURE_AUTORELEASING = YES;
				CLANG_WARN_BOOL_CONVERSION = YES;
				CLANG_WARN_COMMA = YES;
				CLANG_WARN_CONSTANT_CONVERSION = YES;
				CLANG_WARN_DEPRECATED_OBJC_IMPLEMENTATIONS = YES;
				CLANG_WARN_DIRECT_OBJC_ISA_USAGE = YES_ERROR;
				CLANG_WARN_DOCUMENTATION_COMMENTS = YES;
				CLANG_WARN_EMPTY_BODY = YES;
				CLANG_WARN_ENUM_CONVERSION = YES;
				CLANG_WARN_INFINITE_RECURSION = YES;
				CLANG_WARN_INT_CONVERSION = YES;
				CLANG_WARN_NON_LITERAL_NULL_CONVERSION = YES;
				CLANG_WARN_OBJC_IMPLICIT_RETAIN_SELF = YES;
				CLANG_WARN_OBJC_LITERAL_CONVERSION = YES;
				CLANG_WARN_OBJC_ROOT_CLASS = YES_ERROR;
				CLANG_WARN_QUOTED_INCLUDE_IN_FRAMEWORK_HEADER = YES;
				CLANG_WARN_RANGE_LOOP_ANALYSIS = YES;
				CLANG_WARN_STRICT_PROTOTYPES = YES;
				CLANG_WARN_SUSPICIOUS_MOVE = YES;
				CLANG_WARN_UNGUARDED_AVAILABILITY = YES_AGGRESSIVE;
				CLANG_WARN_UNREACHABLE_CODE = YES;
				CLANG_WARN__DUPLICATE_METHOD_MATCH = YES;
				COPY_PHASE_STRIP = NO;
				DEAD_CODE_STRIPPING = YES;
				DEBUG_INFORMATION_FORMAT = dwarf;
				ENABLE_STRICT_OBJC_MSGSEND = YES;
				ENABLE_TESTABILITY = YES;
				ENABLE_USER_SCRIPT_SANDBOXING = NO;
				GCC_C_LANGUAGE_STANDARD = gnu17;
				GCC_DYNAMIC_NO_PIC = NO;
				GCC_NO_COMMON_BLOCKS = YES;
				GCC_OPTIMIZATION_LEVEL = 0;
				GCC_PREPROCESSOR_DEFINITIONS = (
					"DEBUG=1",
					"$(inherited)",
				);
				GCC_WARN_64_TO_32_BIT_CONVERSION = YES;
				GCC_WARN_ABOUT_RETURN_TYPE = YES_ERROR;
				GCC_WARN_UNDECLARED_SELECTOR = YES;
				GCC_WARN_UNINITIALIZED_AUTOS = YES_AGGRESSIVE;
				GCC_WARN_UNUSED_FUNCTION = YES;
				GCC_WARN_UNUSED_VARIABLE = YES;
				IPHONEOS_DEPLOYMENT_TARGET = 17.0;
				LOCALIZATION_PREFERS_STRING_CATALOGS = YES;
				MACOSX_DEPLOYMENT_TARGET = 14.0;
				MTL_ENABLE_DEBUG_INFO = INCLUDE_SOURCE;
				MTL_FAST_MATH = YES;
				ONLY_ACTIVE_ARCH = YES;
				SWIFT_ACTIVE_COMPILATION_CONDITIONS = "DEBUG $(inherited)";
				SWIFT_OPTIMIZATION_LEVEL = "-Onone";
			};
			name = Debug;
		};
		FA56B6622B6D3C62003ED5FF /* Release */ = {
			isa = XCBuildConfiguration;
			buildSettings = {
				ALWAYS_SEARCH_USER_PATHS = NO;
				ASSETCATALOG_COMPILER_GENERATE_SWIFT_ASSET_SYMBOL_EXTENSIONS = YES;
				CLANG_ANALYZER_LOCALIZABILITY_NONLOCALIZED = YES;
				CLANG_ANALYZER_NONNULL = YES;
				CLANG_ANALYZER_NUMBER_OBJECT_CONVERSION = YES_AGGRESSIVE;
				CLANG_CXX_LANGUAGE_STANDARD = "gnu++20";
				CLANG_ENABLE_MODULES = YES;
				CLANG_ENABLE_OBJC_ARC = YES;
				CLANG_ENABLE_OBJC_WEAK = YES;
				CLANG_WARN_BLOCK_CAPTURE_AUTORELEASING = YES;
				CLANG_WARN_BOOL_CONVERSION = YES;
				CLANG_WARN_COMMA = YES;
				CLANG_WARN_CONSTANT_CONVERSION = YES;
				CLANG_WARN_DEPRECATED_OBJC_IMPLEMENTATIONS = YES;
				CLANG_WARN_DIRECT_OBJC_ISA_USAGE = YES_ERROR;
				CLANG_WARN_DOCUMENTATION_COMMENTS = YES;
				CLANG_WARN_EMPTY_BODY = YES;
				CLANG_WARN_ENUM_CONVERSION = YES;
				CLANG_WARN_INFINITE_RECURSION = YES;
				CLANG_WARN_INT_CONVERSION = YES;
				CLANG_WARN_NON_LITERAL_NULL_CONVERSION = YES;
				CLANG_WARN_OBJC_IMPLICIT_RETAIN_SELF = YES;
				CLANG_WARN_OBJC_LITERAL_CONVERSION = YES;
				CLANG_WARN_OBJC_ROOT_CLASS = YES_ERROR;
				CLANG_WARN_QUOTED_INCLUDE_IN_FRAMEWORK_HEADER = YES;
				CLANG_WARN_RANGE_LOOP_ANALYSIS = YES;
				CLANG_WARN_STRICT_PROTOTYPES = YES;
				CLANG_WARN_SUSPICIOUS_MOVE = YES;
				CLANG_WARN_UNGUARDED_AVAILABILITY = YES_AGGRESSIVE;
				CLANG_WARN_UNREACHABLE_CODE = YES;
				CLANG_WARN__DUPLICATE_METHOD_MATCH = YES;
				COPY_PHASE_STRIP = NO;
				DEAD_CODE_STRIPPING = YES;
				DEBUG_INFORMATION_FORMAT = "dwarf-with-dsym";
				ENABLE_NS_ASSERTIONS = NO;
				ENABLE_STRICT_OBJC_MSGSEND = YES;
				ENABLE_USER_SCRIPT_SANDBOXING = NO;
				GCC_C_LANGUAGE_STANDARD = gnu17;
				GCC_NO_COMMON_BLOCKS = YES;
				GCC_WARN_64_TO_32_BIT_CONVERSION = YES;
				GCC_WARN_ABOUT_RETURN_TYPE = YES_ERROR;
				GCC_WARN_UNDECLARED_SELECTOR = YES;
				GCC_WARN_UNINITIALIZED_AUTOS = YES_AGGRESSIVE;
				GCC_WARN_UNUSED_FUNCTION = YES;
				GCC_WARN_UNUSED_VARIABLE = YES;
				IPHONEOS_DEPLOYMENT_TARGET = 17.0;
				LOCALIZATION_PREFERS_STRING_CATALOGS = YES;
				MACOSX_DEPLOYMENT_TARGET = 14.0;
				MTL_ENABLE_DEBUG_INFO = NO;
				MTL_FAST_MATH = YES;
				SWIFT_COMPILATION_MODE = wholemodule;
			};
			name = Release;
		};
		FA56B6642B6D3C62003ED5FF /* Debug */ = {
			isa = XCBuildConfiguration;
			buildSettings = {
				ASSETCATALOG_COMPILER_APPICON_NAME = AppIcon;
				ASSETCATALOG_COMPILER_GLOBAL_ACCENT_COLOR_NAME = AccentColor;
				CODE_SIGN_ENTITLEMENTS = Novalgea/Novalgea.entitlements;
				CODE_SIGN_IDENTITY = "Apple Development";
				CODE_SIGN_STYLE = Automatic;
				CURRENT_PROJECT_VERSION = 2;
				DEAD_CODE_STRIPPING = YES;
				DEVELOPMENT_ASSET_PATHS = "\"Novalgea/Preview Content\"";
				DEVELOPMENT_TEAM = 9T25ACNCQ7;
				ENABLE_HARDENED_RUNTIME = YES;
				ENABLE_PREVIEWS = YES;
				GENERATE_INFOPLIST_FILE = YES;
				INFOPLIST_FILE = Novalgea/Info.plist;
				INFOPLIST_KEY_CFBundleDisplayName = Novalgea;
				INFOPLIST_KEY_LSApplicationCategoryType = "public.app-category.healthcare-fitness";
				"INFOPLIST_KEY_UIApplicationSceneManifest_Generation[sdk=iphoneos*]" = YES;
				"INFOPLIST_KEY_UIApplicationSceneManifest_Generation[sdk=iphonesimulator*]" = YES;
				"INFOPLIST_KEY_UIApplicationSupportsIndirectInputEvents[sdk=iphoneos*]" = YES;
				"INFOPLIST_KEY_UIApplicationSupportsIndirectInputEvents[sdk=iphonesimulator*]" = YES;
				"INFOPLIST_KEY_UILaunchScreen_Generation[sdk=iphoneos*]" = YES;
				"INFOPLIST_KEY_UILaunchScreen_Generation[sdk=iphonesimulator*]" = YES;
				"INFOPLIST_KEY_UIStatusBarStyle[sdk=iphoneos*]" = UIStatusBarStyleDefault;
				"INFOPLIST_KEY_UIStatusBarStyle[sdk=iphonesimulator*]" = UIStatusBarStyleDefault;
				INFOPLIST_KEY_UISupportedInterfaceOrientations = "UIInterfaceOrientationLandscapeLeft UIInterfaceOrientationLandscapeRight UIInterfaceOrientationPortrait";
				INFOPLIST_KEY_UISupportedInterfaceOrientations_iPad = "UIInterfaceOrientationLandscapeLeft UIInterfaceOrientationLandscapeRight UIInterfaceOrientationPortraitUpsideDown";
				IPHONEOS_DEPLOYMENT_TARGET = 17.2;
				LD_RUNPATH_SEARCH_PATHS = "@executable_path/Frameworks";
				"LD_RUNPATH_SEARCH_PATHS[sdk=macosx*]" = "@executable_path/../Frameworks";
				MACOSX_DEPLOYMENT_TARGET = 14.2;
				MARKETING_VERSION = 1.0;
				PRODUCT_BUNDLE_IDENTIFIER = co.uk.apptoolfactory.Novalgea;
				PRODUCT_NAME = "$(TARGET_NAME)";
				PROVISIONING_PROFILE_SPECIFIER = "";
				SDKROOT = auto;
				SUPPORTED_PLATFORMS = "iphoneos iphonesimulator macosx";
				SWIFT_EMIT_LOC_STRINGS = YES;
				SWIFT_VERSION = 5.0;
				TARGETED_DEVICE_FAMILY = "1,2";
			};
			name = Debug;
		};
		FA56B6652B6D3C62003ED5FF /* Release */ = {
			isa = XCBuildConfiguration;
			buildSettings = {
				ASSETCATALOG_COMPILER_APPICON_NAME = AppIcon;
				ASSETCATALOG_COMPILER_GLOBAL_ACCENT_COLOR_NAME = AccentColor;
				CODE_SIGN_ENTITLEMENTS = Novalgea/Novalgea.entitlements;
				CODE_SIGN_IDENTITY = "Apple Development";
				CODE_SIGN_STYLE = Automatic;
				CURRENT_PROJECT_VERSION = 2;
				DEAD_CODE_STRIPPING = YES;
				DEVELOPMENT_ASSET_PATHS = "\"Novalgea/Preview Content\"";
				DEVELOPMENT_TEAM = 9T25ACNCQ7;
				ENABLE_HARDENED_RUNTIME = YES;
				ENABLE_PREVIEWS = YES;
				GENERATE_INFOPLIST_FILE = YES;
				INFOPLIST_FILE = Novalgea/Info.plist;
				INFOPLIST_KEY_CFBundleDisplayName = Novalgea;
				INFOPLIST_KEY_LSApplicationCategoryType = "public.app-category.healthcare-fitness";
				"INFOPLIST_KEY_UIApplicationSceneManifest_Generation[sdk=iphoneos*]" = YES;
				"INFOPLIST_KEY_UIApplicationSceneManifest_Generation[sdk=iphonesimulator*]" = YES;
				"INFOPLIST_KEY_UIApplicationSupportsIndirectInputEvents[sdk=iphoneos*]" = YES;
				"INFOPLIST_KEY_UIApplicationSupportsIndirectInputEvents[sdk=iphonesimulator*]" = YES;
				"INFOPLIST_KEY_UILaunchScreen_Generation[sdk=iphoneos*]" = YES;
				"INFOPLIST_KEY_UILaunchScreen_Generation[sdk=iphonesimulator*]" = YES;
				"INFOPLIST_KEY_UIStatusBarStyle[sdk=iphoneos*]" = UIStatusBarStyleDefault;
				"INFOPLIST_KEY_UIStatusBarStyle[sdk=iphonesimulator*]" = UIStatusBarStyleDefault;
				INFOPLIST_KEY_UISupportedInterfaceOrientations = "UIInterfaceOrientationLandscapeLeft UIInterfaceOrientationLandscapeRight UIInterfaceOrientationPortrait";
				INFOPLIST_KEY_UISupportedInterfaceOrientations_iPad = "UIInterfaceOrientationLandscapeLeft UIInterfaceOrientationLandscapeRight UIInterfaceOrientationPortraitUpsideDown";
				IPHONEOS_DEPLOYMENT_TARGET = 17.2;
				LD_RUNPATH_SEARCH_PATHS = "@executable_path/Frameworks";
				"LD_RUNPATH_SEARCH_PATHS[sdk=macosx*]" = "@executable_path/../Frameworks";
				MACOSX_DEPLOYMENT_TARGET = 14.2;
				MARKETING_VERSION = 1.0;
				PRODUCT_BUNDLE_IDENTIFIER = co.uk.apptoolfactory.Novalgea;
				PRODUCT_NAME = "$(TARGET_NAME)";
				PROVISIONING_PROFILE_SPECIFIER = "";
				SDKROOT = auto;
				SUPPORTED_PLATFORMS = "iphoneos iphonesimulator macosx";
				SWIFT_EMIT_LOC_STRINGS = YES;
				SWIFT_VERSION = 5.0;
				TARGETED_DEVICE_FAMILY = "1,2";
			};
			name = Release;
		};
		FA56B6672B6D3C62003ED5FF /* Debug */ = {
			isa = XCBuildConfiguration;
			buildSettings = {
				ALWAYS_EMBED_SWIFT_STANDARD_LIBRARIES = YES;
				BUNDLE_LOADER = "$(TEST_HOST)";
				CODE_SIGN_STYLE = Automatic;
				CURRENT_PROJECT_VERSION = 2;
				DEAD_CODE_STRIPPING = YES;
				DEVELOPMENT_TEAM = 9T25ACNCQ7;
				GENERATE_INFOPLIST_FILE = YES;
				IPHONEOS_DEPLOYMENT_TARGET = 17.2;
				MACOSX_DEPLOYMENT_TARGET = 14.2;
				MARKETING_VERSION = 1.0;
				PRODUCT_BUNDLE_IDENTIFIER = co.uk.apptoolfactory.NovalgeaTests;
				PRODUCT_NAME = "$(TARGET_NAME)";
				SDKROOT = auto;
				SUPPORTED_PLATFORMS = "iphoneos iphonesimulator macosx";
				SWIFT_EMIT_LOC_STRINGS = NO;
				SWIFT_VERSION = 5.0;
				TARGETED_DEVICE_FAMILY = "1,2";
				TEST_HOST = "$(BUILT_PRODUCTS_DIR)/Novalgea.app/$(BUNDLE_EXECUTABLE_FOLDER_PATH)/Novalgea";
			};
			name = Debug;
		};
		FA56B6682B6D3C62003ED5FF /* Release */ = {
			isa = XCBuildConfiguration;
			buildSettings = {
				ALWAYS_EMBED_SWIFT_STANDARD_LIBRARIES = YES;
				BUNDLE_LOADER = "$(TEST_HOST)";
				CODE_SIGN_STYLE = Automatic;
				CURRENT_PROJECT_VERSION = 2;
				DEAD_CODE_STRIPPING = YES;
				DEVELOPMENT_TEAM = 9T25ACNCQ7;
				GENERATE_INFOPLIST_FILE = YES;
				IPHONEOS_DEPLOYMENT_TARGET = 17.2;
				MACOSX_DEPLOYMENT_TARGET = 14.2;
				MARKETING_VERSION = 1.0;
				PRODUCT_BUNDLE_IDENTIFIER = co.uk.apptoolfactory.NovalgeaTests;
				PRODUCT_NAME = "$(TARGET_NAME)";
				SDKROOT = auto;
				SUPPORTED_PLATFORMS = "iphoneos iphonesimulator macosx";
				SWIFT_EMIT_LOC_STRINGS = NO;
				SWIFT_VERSION = 5.0;
				TARGETED_DEVICE_FAMILY = "1,2";
				TEST_HOST = "$(BUILT_PRODUCTS_DIR)/Novalgea.app/$(BUNDLE_EXECUTABLE_FOLDER_PATH)/Novalgea";
			};
			name = Release;
		};
		FA56B66A2B6D3C62003ED5FF /* Debug */ = {
			isa = XCBuildConfiguration;
			buildSettings = {
				ALWAYS_EMBED_SWIFT_STANDARD_LIBRARIES = YES;
				CODE_SIGN_STYLE = Automatic;
				CURRENT_PROJECT_VERSION = 2;
				DEAD_CODE_STRIPPING = YES;
				DEVELOPMENT_TEAM = 9T25ACNCQ7;
				GENERATE_INFOPLIST_FILE = YES;
				IPHONEOS_DEPLOYMENT_TARGET = 17.2;
				MACOSX_DEPLOYMENT_TARGET = 14.2;
				MARKETING_VERSION = 1.0;
				PRODUCT_BUNDLE_IDENTIFIER = co.uk.apptoolfactory.NovalgeaUITests;
				PRODUCT_NAME = "$(TARGET_NAME)";
				SDKROOT = auto;
				SUPPORTED_PLATFORMS = "iphoneos iphonesimulator macosx";
				SWIFT_EMIT_LOC_STRINGS = NO;
				SWIFT_VERSION = 5.0;
				TARGETED_DEVICE_FAMILY = "1,2";
				TEST_TARGET_NAME = Novalgea;
			};
			name = Debug;
		};
		FA56B66B2B6D3C62003ED5FF /* Release */ = {
			isa = XCBuildConfiguration;
			buildSettings = {
				ALWAYS_EMBED_SWIFT_STANDARD_LIBRARIES = YES;
				CODE_SIGN_STYLE = Automatic;
				CURRENT_PROJECT_VERSION = 2;
				DEAD_CODE_STRIPPING = YES;
				DEVELOPMENT_TEAM = 9T25ACNCQ7;
				GENERATE_INFOPLIST_FILE = YES;
				IPHONEOS_DEPLOYMENT_TARGET = 17.2;
				MACOSX_DEPLOYMENT_TARGET = 14.2;
				MARKETING_VERSION = 1.0;
				PRODUCT_BUNDLE_IDENTIFIER = co.uk.apptoolfactory.NovalgeaUITests;
				PRODUCT_NAME = "$(TARGET_NAME)";
				SDKROOT = auto;
				SUPPORTED_PLATFORMS = "iphoneos iphonesimulator macosx";
				SWIFT_EMIT_LOC_STRINGS = NO;
				SWIFT_VERSION = 5.0;
				TARGETED_DEVICE_FAMILY = "1,2";
				TEST_TARGET_NAME = Novalgea;
			};
			name = Release;
		};
/* End XCBuildConfiguration section */

/* Begin XCConfigurationList section */
		FA56B6332B6D3C60003ED5FF /* Build configuration list for PBXProject "Novalgea" */ = {
			isa = XCConfigurationList;
			buildConfigurations = (
				FA56B6612B6D3C62003ED5FF /* Debug */,
				FA56B6622B6D3C62003ED5FF /* Release */,
			);
			defaultConfigurationIsVisible = 0;
			defaultConfigurationName = Release;
		};
		FA56B6632B6D3C62003ED5FF /* Build configuration list for PBXNativeTarget "Novalgea" */ = {
			isa = XCConfigurationList;
			buildConfigurations = (
				FA56B6642B6D3C62003ED5FF /* Debug */,
				FA56B6652B6D3C62003ED5FF /* Release */,
			);
			defaultConfigurationIsVisible = 0;
			defaultConfigurationName = Release;
		};
		FA56B6662B6D3C62003ED5FF /* Build configuration list for PBXNativeTarget "NovalgeaTests" */ = {
			isa = XCConfigurationList;
			buildConfigurations = (
				FA56B6672B6D3C62003ED5FF /* Debug */,
				FA56B6682B6D3C62003ED5FF /* Release */,
			);
			defaultConfigurationIsVisible = 0;
			defaultConfigurationName = Release;
		};
		FA56B6692B6D3C62003ED5FF /* Build configuration list for PBXNativeTarget "NovalgeaUITests" */ = {
			isa = XCConfigurationList;
			buildConfigurations = (
				FA56B66A2B6D3C62003ED5FF /* Debug */,
				FA56B66B2B6D3C62003ED5FF /* Release */,
			);
			defaultConfigurationIsVisible = 0;
			defaultConfigurationName = Release;
		};
/* End XCConfigurationList section */
	};
	rootObject = FA56B6302B6D3C60003ED5FF /* Project object */;
}
